{
    "_readme": [
        "This file locks the dependencies of your project to a known state",
        "Read more about it at http://getcomposer.org/doc/01-basic-usage.md#composer-lock-the-lock-file",
        "This file is @generated automatically"
    ],
    "hash": "f2332e9bdcf359d3a777f5e95b7e134c",
    "packages": [
        {
            "name": "pear/console_getopt",
            "version": "v1.4.0",
            "source": {
                "type": "git",
                "url": "https://github.com/pear/Console_Getopt.git",
                "reference": "ff3eecbbc5d6e9a243f70f7cf51ca7554e4bb470"
            },
            "dist": {
                "type": "zip",
                "url": "https://api.github.com/repos/pear/Console_Getopt/zipball/ff3eecbbc5d6e9a243f70f7cf51ca7554e4bb470",
                "reference": "ff3eecbbc5d6e9a243f70f7cf51ca7554e4bb470",
                "shasum": ""
            },
            "type": "library",
            "autoload": {
                "psr-0": {
                    "Console": "./"
                }
            },
            "notification-url": "https://packagist.org/downloads/",
            "include-path": [
                "./"
            ],
            "license": [
                "BSD-2-Clause"
            ],
            "authors": [
                {
                    "name": "Greg Beaver",
                    "email": "cellog@php.net",
                    "role": "Helper"
                },
                {
                    "name": "Andrei Zmievski",
                    "email": "andrei@php.net",
                    "role": "Lead"
                },
                {
                    "name": "Stig Bakken",
                    "email": "stig@php.net",
                    "role": "Developer"
                }
            ],
            "description": "More info available on: http://pear.php.net/package/Console_Getopt",
            "time": "2015-02-22 13:26:45"
        },
        {
            "name": "pear/ole",
            "version": "dev-master",
            "source": {
                "type": "git",
                "url": "https://github.com/rasa/OLE.git",
                "reference": "ded653033ec5203ebaf4028528d1d38e8861c5ad"
            },
            "dist": {
                "type": "zip",
                "url": "https://api.github.com/repos/rasa/OLE/zipball/ded653033ec5203ebaf4028528d1d38e8861c5ad",
                "reference": "ded653033ec5203ebaf4028528d1d38e8861c5ad",
                "shasum": ""
            },
            "require": {
                "php": ">=4.0.0"
            },
            "type": "library",
            "autoload": {
                "psr-0": {
                    "OLE": ""
                },
                "classmap": [
                    "OLE/"
                ]
            },
            "include-path": [
                ""
            ],
            "license": [
                "LGPL"
            ],
            "authors": [
                {
                    "name": "Carsten Schmitz"
                },
                {
                    "name": "Xavier Noguer"
                }
            ],
            "description": "Package for reading and writing OLE containers",
            "homepage": "https://github.com/pear/OLE",
            "keywords": [
                "OLE"
            ],
            "support": {
                "source": "https://github.com/rasa/OLE/tree/master"
            },
            "time": "2013-04-13 18:11:22"
        },
        {
            "name": "pear/pear-core-minimal",
            "version": "v1.9.5",
            "source": {
                "type": "git",
                "url": "https://github.com/pear/pear-core-minimal.git",
                "reference": "bdfefcacb3b388a1050a58eff9ba5a8f43de2411"
            },
            "dist": {
                "type": "zip",
                "url": "https://api.github.com/repos/pear/pear-core-minimal/zipball/bdfefcacb3b388a1050a58eff9ba5a8f43de2411",
                "reference": "bdfefcacb3b388a1050a58eff9ba5a8f43de2411",
                "shasum": ""
            },
            "require": {
                "pear/console_getopt": "~1.3",
                "pear/pear_exception": "~1.0"
            },
            "provide": {
                "rsky/pear-core-min": "*"
            },
            "type": "library",
            "autoload": {
                "psr-0": {
                    "": "src/"
                }
            },
            "notification-url": "https://packagist.org/downloads/",
            "include-path": [
                "src/"
            ],
            "license": [
                "New BSD"
            ],
            "authors": [
                {
                    "name": "Christian Weiske",
                    "email": "cweiske@php.net",
                    "role": "Lead"
                }
            ],
            "description": "Minimal set of PEAR core files to be used as composer dependency",
            "time": "2015-02-10 20:55:39"
        },
        {
            "name": "pear/pear_exception",
            "version": "v1.0.0",
            "source": {
                "type": "git",
                "url": "https://github.com/pear/PEAR_Exception.git",
                "reference": "8c18719fdae000b690e3912be401c76e406dd13b"
            },
            "dist": {
                "type": "zip",
                "url": "https://api.github.com/repos/pear/PEAR_Exception/zipball/8c18719fdae000b690e3912be401c76e406dd13b",
                "reference": "8c18719fdae000b690e3912be401c76e406dd13b",
                "shasum": ""
            },
            "require": {
                "php": ">=4.4.0"
            },
            "require-dev": {
                "phpunit/phpunit": "*"
            },
            "type": "class",
            "extra": {
                "branch-alias": {
                    "dev-master": "1.0.x-dev"
                }
            },
            "autoload": {
                "psr-0": {
                    "PEAR": ""
                }
            },
            "notification-url": "https://packagist.org/downloads/",
            "include-path": [
                "."
            ],
            "license": [
                "BSD-2-Clause"
            ],
            "authors": [
                {
                    "name": "Helgi Thormar",
                    "email": "dufuz@php.net"
                },
                {
                    "name": "Greg Beaver",
                    "email": "cellog@php.net"
                }
            ],
            "description": "The PEAR Exception base class.",
            "homepage": "https://github.com/pear/PEAR_Exception",
            "keywords": [
                "exception"
            ],
            "time": "2015-02-10 20:07:52"
        },
        {
            "name": "pear/spreadsheet_excel_writer",
            "version": "dev-master",
            "source": {
                "type": "git",
                "url": "https://github.com/rasa/Spreadsheet_Excel_Writer.git",
                "reference": "ad73f53e7f89b756f794245f8caf3195d2fd993c"
            },
            "dist": {
                "type": "zip",
                "url": "https://api.github.com/repos/rasa/Spreadsheet_Excel_Writer/zipball/ad73f53e7f89b756f794245f8caf3195d2fd993c",
                "reference": "ad73f53e7f89b756f794245f8caf3195d2fd993c",
                "shasum": ""
            },
            "require": {
                "php": ">=4.0.0"
            },
            "type": "library",
            "autoload": {
                "psr-0": {
                    "Spreadsheet": ""
                },
                "classmap": [
                    "Spreadsheet/"
                ]
            },
            "include-path": [
                ""
            ],
            "license": [
                "LGPL"
            ],
            "authors": [
                {
                    "name": "Carsten Schmitz"
                },
                {
                    "name": "Xavier Noguer"
                }
            ],
            "description": "Package for generating Excel spreadsheets",
            "homepage": "https://github.com/pear/Spreadsheet_Excel_Writer",
            "keywords": [
                "Spreadsheet"
            ],
            "support": {
                "source": "https://github.com/rasa/Spreadsheet_Excel_Writer/tree/master"
            },
            "time": "2013-04-13 18:12:12"
        }
    ],
    "packages-dev": [],
    "aliases": [],
    "minimum-stability": "stable",
    "stability-flags": {
        "pear/ole": 20,
        "pear/spreadsheet_excel_writer": 20
    },
    "prefer-stable": false,
    "prefer-lowest": false,
    "platform": {
        "php": ">=5.3.3"
    },
    "platform-dev": []
}
